// !$*UTF8*$!
{
	archiveVersion = 1;
	classes = {
	};
	objectVersion = 56;
	objects = {

/* Begin PBXBuildFile section */
		E254E3552C4648B300EA419A /* AppDelegate.swift in Sources */ = {isa = PBXBuildFile; fileRef = E254E3542C4648B300EA419A /* AppDelegate.swift */; };
		E254E3572C4648B300EA419A /* SceneDelegate.swift in Sources */ = {isa = PBXBuildFile; fileRef = E254E3562C4648B300EA419A /* SceneDelegate.swift */; };
		E254E3592C4648B300EA419A /* ViewController.swift in Sources */ = {isa = PBXBuildFile; fileRef = E254E3582C4648B300EA419A /* ViewController.swift */; };
		E254E35C2C4648B300EA419A /* Base in Resources */ = {isa = PBXBuildFile; fileRef = E254E35B2C4648B300EA419A /* Base */; };
		E254E35E2C4648B500EA419A /* Assets.xcassets in Resources */ = {isa = PBXBuildFile; fileRef = E254E35D2C4648B500EA419A /* Assets.xcassets */; };
		E254E3612C4648B500EA419A /* Base in Resources */ = {isa = PBXBuildFile; fileRef = E254E3602C4648B500EA419A /* Base */; };
		E254E3692C4F717100EA419A /* ImageLoader.swift in Sources */ = {isa = PBXBuildFile; fileRef = E254E3682C4F717100EA419A /* ImageLoader.swift */; };
		E254E36D2C4F79E400EA419A /* DownloadOperation.swift in Sources */ = {isa = PBXBuildFile; fileRef = E254E36C2C4F79E400EA419A /* DownloadOperation.swift */; };
		E254E36F2C4F914400EA419A /* AsyncOperation.swift in Sources */ = {isa = PBXBuildFile; fileRef = E254E36E2C4F914400EA419A /* AsyncOperation.swift */; };
		E26BA6BA2C4FA46D000386FE /* CollectionViewCell.swift in Sources */ = {isa = PBXBuildFile; fileRef = E26BA6B92C4FA46D000386FE /* CollectionViewCell.swift */; };
		E26BA6BC2C4FAE1B000386FE /* ImageCache.swift in Sources */ = {isa = PBXBuildFile; fileRef = E26BA6BB2C4FAE1B000386FE /* ImageCache.swift */; };
/* End PBXBuildFile section */

/* Begin PBXFileReference section */
		E254E3512C4648B300EA419A /* otus_homework_15.app */ = {isa = PBXFileReference; explicitFileType = wrapper.application; includeInIndex = 0; path = otus_homework_15.app; sourceTree = BUILT_PRODUCTS_DIR; };
		E254E3542C4648B300EA419A /* AppDelegate.swift */ = {isa = PBXFileReference; lastKnownFileType = sourcecode.swift; path = AppDelegate.swift; sourceTree = "<group>"; };
		E254E3562C4648B300EA419A /* SceneDelegate.swift */ = {isa = PBXFileReference; lastKnownFileType = sourcecode.swift; path = SceneDelegate.swift; sourceTree = "<group>"; };
		E254E3582C4648B300EA419A /* ViewController.swift */ = {isa = PBXFileReference; lastKnownFileType = sourcecode.swift; path = ViewController.swift; sourceTree = "<group>"; };
		E254E35B2C4648B300EA419A /* Base */ = {isa = PBXFileReference; lastKnownFileType = file.storyboard; name = Base; path = Base.lproj/Main.storyboard; sourceTree = "<group>"; };
		E254E35D2C4648B500EA419A /* Assets.xcassets */ = {isa = PBXFileReference; lastKnownFileType = folder.assetcatalog; path = Assets.xcassets; sourceTree = "<group>"; };
		E254E3602C4648B500EA419A /* Base */ = {isa = PBXFileReference; lastKnownFileType = file.storyboard; name = Base; path = Base.lproj/LaunchScreen.storyboard; sourceTree = "<group>"; };
		E254E3622C4648B500EA419A /* Info.plist */ = {isa = PBXFileReference; lastKnownFileType = text.plist.xml; path = Info.plist; sourceTree = "<group>"; };
		E254E3682C4F717100EA419A /* ImageLoader.swift */ = {isa = PBXFileReference; lastKnownFileType = sourcecode.swift; path = ImageLoader.swift; sourceTree = "<group>"; };
		E254E36C2C4F79E400EA419A /* DownloadOperation.swift */ = {isa = PBXFileReference; lastKnownFileType = sourcecode.swift; path = DownloadOperation.swift; sourceTree = "<group>"; };
		E254E36E2C4F914400EA419A /* AsyncOperation.swift */ = {isa = PBXFileReference; lastKnownFileType = sourcecode.swift; path = AsyncOperation.swift; sourceTree = "<group>"; };
		E26BA6B92C4FA46D000386FE /* CollectionViewCell.swift */ = {isa = PBXFileReference; lastKnownFileType = sourcecode.swift; path = CollectionViewCell.swift; sourceTree = "<group>"; };
		E26BA6BB2C4FAE1B000386FE /* ImageCache.swift */ = {isa = PBXFileReference; lastKnownFileType = sourcecode.swift; path = ImageCache.swift; sourceTree = "<group>"; };
/* End PBXFileReference section */

/* Begin PBXFrameworksBuildPhase section */
		E254E34E2C4648B300EA419A /* Frameworks */ = {
			isa = PBXFrameworksBuildPhase;
			buildActionMask = 2147483647;
			files = (
			);
			runOnlyForDeploymentPostprocessing = 0;
		};
/* End PBXFrameworksBuildPhase section */

/* Begin PBXGroup section */
		E254E3482C4648B300EA419A = {
			isa = PBXGroup;
			children = (
				E254E3532C4648B300EA419A /* otus_homework_15 */,
				E254E3522C4648B300EA419A /* Products */,
			);
			sourceTree = "<group>";
		};
		E254E3522C4648B300EA419A /* Products */ = {
			isa = PBXGroup;
			children = (
				E254E3512C4648B300EA419A /* otus_homework_15.app */,
			);
			name = Products;
			sourceTree = "<group>";
		};
		E254E3532C4648B300EA419A /* otus_homework_15 */ = {
			isa = PBXGroup;
			children = (
				E254E3542C4648B300EA419A /* AppDelegate.swift */,
				E254E3562C4648B300EA419A /* SceneDelegate.swift */,
				E254E3582C4648B300EA419A /* ViewController.swift */,
				E254E3682C4F717100EA419A /* ImageLoader.swift */,
				E254E36E2C4F914400EA419A /* AsyncOperation.swift */,
				E254E36C2C4F79E400EA419A /* DownloadOperation.swift */,
				E26BA6B92C4FA46D000386FE /* CollectionViewCell.swift */,
				E26BA6BB2C4FAE1B000386FE /* ImageCache.swift */,
				E254E35A2C4648B300EA419A /* Main.storyboard */,
				E254E35D2C4648B500EA419A /* Assets.xcassets */,
				E254E35F2C4648B500EA419A /* LaunchScreen.storyboard */,
				E254E3622C4648B500EA419A /* Info.plist */,
			);
			path = otus_homework_15;
			sourceTree = "<group>";
		};
/* End PBXGroup section */

/* Begin PBXNativeTarget section */
		E254E3502C4648B300EA419A /* otus_homework_15 */ = {
			isa = PBXNativeTarget;
			buildConfigurationList = E254E3652C4648B500EA419A /* Build configuration list for PBXNativeTarget "otus_homework_15" */;
			buildPhases = (
				E254E34D2C4648B300EA419A /* Sources */,
				E254E34E2C4648B300EA419A /* Frameworks */,
				E254E34F2C4648B300EA419A /* Resources */,
			);
			buildRules = (
			);
			dependencies = (
			);
			name = otus_homework_15;
			productName = otus_homework_15;
			productReference = E254E3512C4648B300EA419A /* otus_homework_15.app */;
			productType = "com.apple.product-type.application";
		};
/* End PBXNativeTarget section */

/* Begin PBXProject section */
		E254E3492C4648B300EA419A /* Project object */ = {
			isa = PBXProject;
			attributes = {
				BuildIndependentTargetsInParallel = 1;
				LastSwiftUpdateCheck = 1530;
				LastUpgradeCheck = 1530;
				TargetAttributes = {
					E254E3502C4648B300EA419A = {
						CreatedOnToolsVersion = 15.3;
					};
				};
			};
			buildConfigurationList = E254E34C2C4648B300EA419A /* Build configuration list for PBXProject "otus_homework_15" */;
			compatibilityVersion = "Xcode 14.0";
			developmentRegion = en;
			hasScannedForEncodings = 0;
			knownRegions = (
				en,
				Base,
			);
			mainGroup = E254E3482C4648B300EA419A;
			productRefGroup = E254E3522C4648B300EA419A /* Products */;
			projectDirPath = "";
			projectRoot = "";
			targets = (
				E254E3502C4648B300EA419A /* otus_homework_15 */,
			);
		};
/* End PBXProject section */

/* Begin PBXResourcesBuildPhase section */
		E254E34F2C4648B300EA419A /* Resources */ = {
			isa = PBXResourcesBuildPhase;
			buildActionMask = 2147483647;
			files = (
				E254E35E2C4648B500EA419A /* Assets.xcassets in Resources */,
				E254E3612C4648B500EA419A /* Base in Resources */,
				E254E35C2C4648B300EA419A /* Base in Resources */,
			);
			runOnlyForDeploymentPostprocessing = 0;
		};
/* End PBXResourcesBuildPhase section */

/* Begin PBXSourcesBuildPhase section */
		E254E34D2C4648B300EA419A /* Sources */ = {
			isa = PBXSourcesBuildPhase;
			buildActionMask = 2147483647;
			files = (
				E254E36D2C4F79E400EA419A /* DownloadOperation.swift in Sources */,
				E254E3592C4648B300EA419A /* ViewController.swift in Sources */,
				E26BA6BC2C4FAE1B000386FE /* ImageCache.swift in Sources */,
				E254E3552C4648B300EA419A /* AppDelegate.swift in Sources */,
				E26BA6BA2C4FA46D000386FE /* CollectionViewCell.swift in Sources */,
				E254E3692C4F717100EA419A /* ImageLoader.swift in Sources */,
				E254E36F2C4F914400EA419A /* AsyncOperation.swift in Sources */,
				E254E3572C4648B300EA419A /* SceneDelegate.swift in Sources */,
			);
			runOnlyForDeploymentPostprocessing = 0;
		};
/* End PBXSourcesBuildPhase section */

/* Begin PBXVariantGroup section */
		E254E35A2C4648B300EA419A /* Main.storyboard */ = {
			isa = PBXVariantGroup;
			children = (
				E254E35B2C4648B300EA419A /* Base */,
			);
			name = Main.storyboard;
			sourceTree = "<group>";
		};
		E254E35F2C4648B500EA419A /* LaunchScreen.storyboard */ = {
			isa = PBXVariantGroup;
			children = (
				E254E3602C4648B500EA419A /* Base */,
			);
			name = LaunchScreen.storyboard;
			sourceTree = "<group>";
		};
/* End PBXVariantGroup section */

/* Begin XCBuildConfiguration section */
		E254E3632C4648B500EA419A /* Debug */ = {
			isa = XCBuildConfiguration;
			buildSettings = {
				ALWAYS_SEARCH_USER_PATHS = NO;
				ASSETCATALOG_COMPILER_GENERATE_SWIFT_ASSET_SYMBOL_EXTENSIONS = YES;
				CLANG_ANALYZER_NONNULL = YES;
				CLANG_ANALYZER_NUMBER_OBJECT_CONVERSION = YES_AGGRESSIVE;
				CLANG_CXX_LANGUAGE_STANDARD = "gnu++20";
				CLANG_ENABLE_MODULES = YES;
				CLANG_ENABLE_OBJC_ARC = YES;
				CLANG_ENABLE_OBJC_WEAK = YES;
				CLANG_WARN_BLOCK_CAPTURE_AUTORELEASING = YES;
				CLANG_WARN_BOOL_CONVERSION = YES;
				CLANG_WARN_COMMA = YES;
				CLANG_WARN_CONSTANT_CONVERSION = YES;
				CLANG_WARN_DEPRECATED_OBJC_IMPLEMENTATIONS = YES;
				CLANG_WARN_DIRECT_OBJC_ISA_USAGE = YES_ERROR;
				CLANG_WARN_DOCUMENTATION_COMMENTS = YES;
				CLANG_WARN_EMPTY_BODY = YES;
				CLANG_WARN_ENUM_CONVERSION = YES;
				CLANG_WARN_INFINITE_RECURSION = YES;
				CLANG_WARN_INT_CONVERSION = YES;
				CLANG_WARN_NON_LITERAL_NULL_CONVERSION = YES;
				CLANG_WARN_OBJC_IMPLICIT_RETAIN_SELF = YES;
				CLANG_WARN_OBJC_LITERAL_CONVERSION = YES;
				CLANG_WARN_OBJC_ROOT_CLASS = YES_ERROR;
				CLANG_WARN_QUOTED_INCLUDE_IN_FRAMEWORK_HEADER = YES;
				CLANG_WARN_RANGE_LOOP_ANALYSIS = YES;
				CLANG_WARN_STRICT_PROTOTYPES = YES;
				CLANG_WARN_SUSPICIOUS_MOVE = YES;
				CLANG_WARN_UNGUARDED_AVAILABILITY = YES_AGGRESSIVE;
				CLANG_WARN_UNREACHABLE_CODE = YES;
				CLANG_WARN__DUPLICATE_METHOD_MATCH = YES;
				COPY_PHASE_STRIP = NO;
				DEBUG_INFORMATION_FORMAT = dwarf;
				ENABLE_STRICT_OBJC_MSGSEND = YES;
				ENABLE_TESTABILITY = YES;
				ENABLE_USER_SCRIPT_SANDBOXING = YES;
				GCC_C_LANGUAGE_STANDARD = gnu17;
				GCC_DYNAMIC_NO_PIC = NO;
				GCC_NO_COMMON_BLOCKS = YES;
				GCC_OPTIMIZATION_LEVEL = 0;
				GCC_PREPROCESSOR_DEFINITIONS = (
					"DEBUG=1",
					"$(inherited)",
				);
				GCC_WARN_64_TO_32_BIT_CONVERSION = YES;
				GCC_WARN_ABOUT_RETURN_TYPE = YES_ERROR;
				GCC_WARN_UNDECLARED_SELECTOR = YES;
				GCC_WARN_UNINITIALIZED_AUTOS = YES_AGGRESSIVE;
				GCC_WARN_UNUSED_FUNCTION = YES;
				GCC_WARN_UNUSED_VARIABLE = YES;
				IPHONEOS_DEPLOYMENT_TARGET = 17.4;
				LOCALIZATION_PREFERS_STRING_CATALOGS = YES;
				MTL_ENABLE_DEBUG_INFO = INCLUDE_SOURCE;
				MTL_FAST_MATH = YES;
				ONLY_ACTIVE_ARCH = YES;
				SDKROOT = iphoneos;
				SWIFT_ACTIVE_COMPILATION_CONDITIONS = "DEBUG $(inherited)";
				SWIFT_OPTIMIZATION_LEVEL = "-Onone";
			};
			name = Debug;
		};
		E254E3642C4648B500EA419A /* Release */ = {
			isa = XCBuildConfiguration;
			buildSettings = {
				ALWAYS_SEARCH_USER_PATHS = NO;
				ASSETCATALOG_COMPILER_GENERATE_SWIFT_ASSET_SYMBOL_EXTENSIONS = YES;
				CLANG_ANALYZER_NONNULL = YES;
				CLANG_ANALYZER_NUMBER_OBJECT_CONVERSION = YES_AGGRESSIVE;
				CLANG_CXX_LANGUAGE_STANDARD = "gnu++20";
				CLANG_ENABLE_MODULES = YES;
				CLANG_ENABLE_OBJC_ARC = YES;
				CLANG_ENABLE_OBJC_WEAK = YES;
				CLANG_WARN_BLOCK_CAPTURE_AUTORELEASING = YES;
				CLANG_WARN_BOOL_CONVERSION = YES;
				CLANG_WARN_COMMA = YES;
				CLANG_WARN_CONSTANT_CONVERSION = YES;
				CLANG_WARN_DEPRECATED_OBJC_IMPLEMENTATIONS = YES;
				CLANG_WARN_DIRECT_OBJC_ISA_USAGE = YES_ERROR;
				CLANG_WARN_DOCUMENTATION_COMMENTS = YES;
				CLANG_WARN_EMPTY_BODY = YES;
				CLANG_WARN_ENUM_CONVERSION = YES;
				CLANG_WARN_INFINITE_RECURSION = YES;
				CLANG_WARN_INT_CONVERSION = YES;
				CLANG_WARN_NON_LITERAL_NULL_CONVERSION = YES;
				CLANG_WARN_OBJC_IMPLICIT_RETAIN_SELF = YES;
				CLANG_WARN_OBJC_LITERAL_CONVERSION = YES;
				CLANG_WARN_OBJC_ROOT_CLASS = YES_ERROR;
				CLANG_WARN_QUOTED_INCLUDE_IN_FRAMEWORK_HEADER = YES;
				CLANG_WARN_RANGE_LOOP_ANALYSIS = YES;
				CLANG_WARN_STRICT_PROTOTYPES = YES;
				CLANG_WARN_SUSPICIOUS_MOVE = YES;
				CLANG_WARN_UNGUARDED_AVAILABILITY = YES_AGGRESSIVE;
				CLANG_WARN_UNREACHABLE_CODE = YES;
				CLANG_WARN__DUPLICATE_METHOD_MATCH = YES;
				COPY_PHASE_STRIP = NO;
				DEBUG_INFORMATION_FORMAT = "dwarf-with-dsym";
				ENABLE_NS_ASSERTIONS = NO;
				ENABLE_STRICT_OBJC_MSGSEND = YES;
				ENABLE_USER_SCRIPT_SANDBOXING = YES;
				GCC_C_LANGUAGE_STANDARD = gnu17;
				GCC_NO_COMMON_BLOCKS = YES;
				GCC_WARN_64_TO_32_BIT_CONVERSION = YES;
				GCC_WARN_ABOUT_RETURN_TYPE = YES_ERROR;
				GCC_WARN_UNDECLARED_SELECTOR = YES;
				GCC_WARN_UNINITIALIZED_AUTOS = YES_AGGRESSIVE;
				GCC_WARN_UNUSED_FUNCTION = YES;
				GCC_WARN_UNUSED_VARIABLE = YES;
				IPHONEOS_DEPLOYMENT_TARGET = 17.4;
				LOCALIZATION_PREFERS_STRING_CATALOGS = YES;
				MTL_ENABLE_DEBUG_INFO = NO;
				MTL_FAST_MATH = YES;
				SDKROOT = iphoneos;
				SWIFT_COMPILATION_MODE = wholemodule;
				VALIDATE_PRODUCT = YES;
			};
			name = Release;
		};
		E254E3662C4648B500EA419A /* Debug */ = {
			isa = XCBuildConfiguration;
			buildSettings = {
				ASSETCATALOG_COMPILER_APPICON_NAME = AppIcon;
				ASSETCATALOG_COMPILER_GLOBAL_ACCENT_COLOR_NAME = AccentColor;
				CODE_SIGN_STYLE = Automatic;
				CURRENT_PROJECT_VERSION = 1;
				DEVELOPMENT_TEAM = PY4XP9TLTN;
				GENERATE_INFOPLIST_FILE = YES;
				INFOPLIST_FILE = otus_homework_15/Info.plist;
				INFOPLIST_KEY_UIApplicationSupportsIndirectInputEvents = YES;
				INFOPLIST_KEY_UILaunchStoryboardName = LaunchScreen;
				INFOPLIST_KEY_UIMainStoryboardFile = Main;
				INFOPLIST_KEY_UISupportedInterfaceOrientations = UIInterfaceOrientationPortrait;
				INFOPLIST_KEY_UISupportedInterfaceOrientations_iPad = "UIInterfaceOrientationLandscapeLeft UIInterfaceOrientationLandscapeRight UIInterfaceOrientationPortrait UIInterfaceOrientationPortraitUpsideDown";
				LD_RUNPATH_SEARCH_PATHS = (
					"$(inherited)",
					"@executable_path/Frameworks",
				);
				MARKETING_VERSION = 1.0;
				PRODUCT_BUNDLE_IDENTIFIER = "home.otus-homework-15";
				PRODUCT_NAME = "$(TARGET_NAME)";
				SUPPORTED_PLATFORMS = "iphoneos iphonesimulator";
				SUPPORTS_MACCATALYST = NO;
				SUPPORTS_MAC_DESIGNED_FOR_IPHONE_IPAD = NO;
				SUPPORTS_XR_DESIGNED_FOR_IPHONE_IPAD = NO;
				SWIFT_EMIT_LOC_STRINGS = YES;
				SWIFT_VERSION = 5.0;
				TARGETED_DEVICE_FAMILY = 1;
			};
			name = Debug;
		};
		E254E3672C4648B500EA419A /* Release */ = {
			isa = XCBuildConfiguration;
			buildSettings = {
				ASSETCATALOG_COMPILER_APPICON_NAME = AppIcon;
				ASSETCATALOG_COMPILER_GLOBAL_ACCENT_COLOR_NAME = AccentColor;
				CODE_SIGN_STYLE = Automatic;
				CURRENT_PROJECT_VERSION = 1;
				DEVELOPMENT_TEAM = PY4XP9TLTN;
				GENERATE_INFOPLIST_FILE = YES;
				INFOPLIST_FILE = otus_homework_15/Info.plist;
				INFOPLIST_KEY_UIApplicationSupportsIndirectInputEvents = YES;
				INFOPLIST_KEY_UILaunchStoryboardName = LaunchScreen;
				INFOPLIST_KEY_UIMainStoryboardFile = Main;
				INFOPLIST_KEY_UISupportedInterfaceOrientations = UIInterfaceOrientationPortrait;
				INFOPLIST_KEY_UISupportedInterfaceOrientations_iPad = "UIInterfaceOrientationLandscapeLeft UIInterfaceOrientationLandscapeRight UIInterfaceOrientationPortrait UIInterfaceOrientationPortraitUpsideDown";
				LD_RUNPATH_SEARCH_PATHS = (
					"$(inherited)",
					"@executable_path/Frameworks",
				);
				MARKETING_VERSION = 1.0;
				PRODUCT_BUNDLE_IDENTIFIER = "home.otus-homework-15";
				PRODUCT_NAME = "$(TARGET_NAME)";
				SUPPORTED_PLATFORMS = "iphoneos iphonesimulator";
				SUPPORTS_MACCATALYST = NO;
				SUPPORTS_MAC_DESIGNED_FOR_IPHONE_IPAD = NO;
				SUPPORTS_XR_DESIGNED_FOR_IPHONE_IPAD = NO;
				SWIFT_EMIT_LOC_STRINGS = YES;
				SWIFT_VERSION = 5.0;
				TARGETED_DEVICE_FAMILY = 1;
			};
			name = Release;
		};
/* End XCBuildConfiguration section */

/* Begin XCConfigurationList section */
		E254E34C2C4648B300EA419A /* Build configuration list for PBXProject "otus_homework_15" */ = {
			isa = XCConfigurationList;
			buildConfigurations = (
				E254E3632C4648B500EA419A /* Debug */,
				E254E3642C4648B500EA419A /* Release */,
			);
			defaultConfigurationIsVisible = 0;
			defaultConfigurationName = Release;
		};
		E254E3652C4648B500EA419A /* Build configuration list for PBXNativeTarget "otus_homework_15" */ = {
			isa = XCConfigurationList;
			buildConfigurations = (
				E254E3662C4648B500EA419A /* Debug */,
				E254E3672C4648B500EA419A /* Release */,
			);
			defaultConfigurationIsVisible = 0;
			defaultConfigurationName = Release;
		};
/* End XCConfigurationList section */
	};
	rootObject = E254E3492C4648B300EA419A /* Project object */;
}
